
Microsoft Visual Studio Solution File, Format Version 12.00
# Visual Studio Version 17
VisualStudioVersion = 17.11.35303.130
MinimumVisualStudioVersion = 10.0.40219.1
Project("{9A19103F-16F7-4668-BE54-9A1E7A4F7556}") = "Test", "Test\Test.csproj", "{498350E4-A8CE-4467-91A4-1536E8A27128}"
EndProject
Project("{9A19103F-16F7-4668-BE54-9A1E7A4F7556}") = "FanOutFanIn", "FanOutFanIn\FanOutFanIn.csproj", "{D0F908FC-156D-4E5C-B6AB-E5D04481E12A}"
EndProject
Project("{9A19103F-16F7-4668-BE54-9A1E7A4F7556}") = "NewBlobReportProcessor", "NewBlobReportProcessor\NewBlobReportProcessor.csproj", "{35502B5B-41AB-40DC-BD0C-5454F76C8BBD}"
EndProject
Project("{9A19103F-16F7-4668-BE54-9A1E7A4F7556}") = "HumanInteraction", "HumanInteraction\HumanInteraction.csproj", "{83622BB5-789E-46C5-BD54-1AA089D19094}"
EndProject
Project("{9A19103F-16F7-4668-BE54-9A1E7A4F7556}") = "LeaveApproval", "LeaveApproval\LeaveApproval.csproj", "{F10F16B6-AC59-454A-A1B6-7FF719A86A79}"
EndProject
Project("{FAE04EC0-301F-11D3-BF4B-00C04F79EFBC}") = "RequestApproval", "RequestApproval\RequestApproval.csproj", "{CD92E499-20E5-4D4C-AD33-AEB108E67B1D}"
EndProject
Global
	GlobalSection(SolutionConfigurationPlatforms) = preSolution
		Debug|Any CPU = Debug|Any CPU
		Release|Any CPU = Release|Any CPU
	EndGlobalSection
	GlobalSection(ProjectConfigurationPlatforms) = postSolution
		{498350E4-A8CE-4467-91A4-1536E8A27128}.Debug|Any CPU.ActiveCfg = Debug|Any CPU
		{498350E4-A8CE-4467-91A4-1536E8A27128}.Debug|Any CPU.Build.0 = Debug|Any CPU
		{498350E4-A8CE-4467-91A4-1536E8A27128}.Release|Any CPU.ActiveCfg = Release|Any CPU
		{498350E4-A8CE-4467-91A4-1536E8A27128}.Release|Any CPU.Build.0 = Release|Any CPU
		{D0F908FC-156D-4E5C-B6AB-E5D04481E12A}.Debug|Any CPU.ActiveCfg = Debug|Any CPU
		{D0F908FC-156D-4E5C-B6AB-E5D04481E12A}.Debug|Any CPU.Build.0 = Debug|Any CPU
		{D0F908FC-156D-4E5C-B6AB-E5D04481E12A}.Release|Any CPU.ActiveCfg = Release|Any CPU
		{D0F908FC-156D-4E5C-B6AB-E5D04481E12A}.Release|Any CPU.Build.0 = Release|Any CPU
		{35502B5B-41AB-40DC-BD0C-5454F76C8BBD}.Debug|Any CPU.ActiveCfg = Debug|Any CPU
		{35502B5B-41AB-40DC-BD0C-5454F76C8BBD}.Debug|Any CPU.Build.0 = Debug|Any CPU
		{35502B5B-41AB-40DC-BD0C-5454F76C8BBD}.Release|Any CPU.ActiveCfg = Release|Any CPU
		{35502B5B-41AB-40DC-BD0C-5454F76C8BBD}.Release|Any CPU.Build.0 = Release|Any CPU
		{83622BB5-789E-46C5-BD54-1AA089D19094}.Debug|Any CPU.ActiveCfg = Debug|Any CPU
		{83622BB5-789E-46C5-BD54-1AA089D19094}.Debug|Any CPU.Build.0 = Debug|Any CPU
		{83622BB5-789E-46C5-BD54-1AA089D19094}.Release|Any CPU.ActiveCfg = Release|Any CPU
		{83622BB5-789E-46C5-BD54-1AA089D19094}.Release|Any CPU.Build.0 = Release|Any CPU
		{F10F16B6-AC59-454A-A1B6-7FF719A86A79}.Debug|Any CPU.ActiveCfg = Debug|Any CPU
		{F10F16B6-AC59-454A-A1B6-7FF719A86A79}.Debug|Any CPU.Build.0 = Debug|Any CPU
		{F10F16B6-AC59-454A-A1B6-7FF719A86A79}.Release|Any CPU.ActiveCfg = Release|Any CPU
		{F10F16B6-AC59-454A-A1B6-7FF719A86A79}.Release|Any CPU.Build.0 = Release|Any CPU
		{CD92E499-20E5-4D4C-AD33-AEB108E67B1D}.Debug|Any CPU.ActiveCfg = Debug|Any CPU
		{CD92E499-20E5-4D4C-AD33-AEB108E67B1D}.Debug|Any CPU.Build.0 = Debug|Any CPU
		{CD92E499-20E5-4D4C-AD33-AEB108E67B1D}.Release|Any CPU.ActiveCfg = Release|Any CPU
		{CD92E499-20E5-4D4C-AD33-AEB108E67B1D}.Release|Any CPU.Build.0 = Release|Any CPU
	EndGlobalSection
	GlobalSection(SolutionProperties) = preSolution
		HideSolutionNode = FALSE
	EndGlobalSection
	GlobalSection(ExtensibilityGlobals) = postSolution
		SolutionGuid = {622556E1-BE63-499E-884A-132A3A838324}
	EndGlobalSection
EndGlobal
